<?xml version="1.0" encoding="utf-8"?>
<Project ToolsVersion="4.0" xmlns="http://schemas.microsoft.com/developer/msbuild/2003">
  <ItemGroup>
    <ClCompile Include="stdafx.cpp" />
    <ClCompile Include="GameApplication.cpp">
      <Filter>Game</Filter>
    </ClCompile>
    <ClCompile Include="main.cpp" />
    <ClCompile Include="temp.c">
      <Filter>temp</Filter>
    </ClCompile>
    <ClCompile Include="02_Triangle.cpp">
      <Filter>example</Filter>
    </ClCompile>
    <ClCompile Include="03_Triangle2.cpp">
      <Filter>example</Filter>
    </ClCompile>
    <ClCompile Include="05_LoadMesh.cpp">
      <Filter>example</Filter>
    </ClCompile>
    <ClCompile Include="04_UniformBuffer.cpp">
      <Filter>example</Filter>
    </ClCompile>
    <ClCompile Include="06_Pipelines.cpp">
      <Filter>example</Filter>
    </ClCompile>
    <ClCompile Include="07_Texture.cpp">
      <Filter>example</Filter>
    </ClCompile>
    <ClCompile Include="08_PushConstants.cpp">
      <Filter>example</Filter>
    </ClCompile>
    <ClCompile Include="09_DynamicUniformBuffer.cpp">
      <Filter>example</Filter>
    </ClCompile>
    <ClCompile Include="10_TextureArray.cpp">
      <Filter>example</Filter>
    </ClCompile>
    <ClCompile Include="11_Texture3D.cpp">
      <Filter>example</Filter>
    </ClCompile>
    <ClCompile Include="12_OptimizeShaderAndLayout.cpp">
      <Filter>example</Filter>
    </ClCompile>
    <ClCompile Include="13_InputAttachments.cpp">
      <Filter>example</Filter>
    </ClCompile>
    <ClCompile Include="14_DeferredShading.cpp">
      <Filter>example</Filter>
    </ClCompile>
    <ClCompile Include="15_OptimizeDeferredShading.cpp">
      <Filter>example</Filter>
    </ClCompile>
    <ClCompile Include="16_Material.cpp">
      <Filter>example</Filter>
    </ClCompile>
    <ClCompile Include="22_SkeletonMatrix4x4.cpp">
      <Filter>example</Filter>
    </ClCompile>
    <ClCompile Include="23_SkeletonPackIndexWeight.cpp">
      <Filter>example</Filter>
    </ClCompile>
    <ClCompile Include="24_SkeletonQuat.cpp">
      <Filter>example</Filter>
    </ClCompile>
  </ItemGroup>
  <ItemGroup>
    <Filter Include="Game">
      <UniqueIdentifier>{4bd96221-a10d-4b8f-a1fb-a8d88e2273d4}</UniqueIdentifier>
    </Filter>
    <Filter Include="temp">
      <UniqueIdentifier>{48ca318c-8431-4f20-9dd3-3758a9b182fc}</UniqueIdentifier>
    </Filter>
    <Filter Include="example">
      <UniqueIdentifier>{9e47e310-38b3-46f4-a69d-fec1833d1b25}</UniqueIdentifier>
    </Filter>
  </ItemGroup>
  <ItemGroup>
    <ClInclude Include="stdafx.h" />
    <ClInclude Include="GameApplication.h">
      <Filter>Game</Filter>
    </ClInclude>
    <ClInclude Include="linmath.h">
      <Filter>temp</Filter>
    </ClInclude>
    <ClInclude Include="object_type_string_helper.h">
      <Filter>temp</Filter>
    </ClInclude>
    <ClInclude Include="gettime.h">
      <Filter>temp</Filter>
    </ClInclude>
    <ClInclude Include="lunarg.ppm.h">
      <Filter>temp</Filter>
    </ClInclude>
    <ClInclude Include="02_Triangle.h">
      <Filter>example</Filter>
    </ClInclude>
    <ClInclude Include="03_Triangle2.h">
      <Filter>example</Filter>
    </ClInclude>
    <ClInclude Include="05_LoadMesh.h">
      <Filter>example</Filter>
    </ClInclude>
    <ClInclude Include="04_UniformBuffer.h">
      <Filter>example</Filter>
    </ClInclude>
    <ClInclude Include="06_Pipelines.h">
      <Filter>example</Filter>
    </ClInclude>
    <ClInclude Include="07_Texture.h">
      <Filter>example</Filter>
    </ClInclude>
    <ClInclude Include="08_PushConstants.h">
      <Filter>example</Filter>
    </ClInclude>
    <ClInclude Include="09_DynamicUniformBuffer.h">
      <Filter>example</Filter>
    </ClInclude>
    <ClInclude Include="10_TextureArray.h">
      <Filter>example</Filter>
    </ClInclude>
    <ClInclude Include="11_Texture3D.h">
      <Filter>example</Filter>
    </ClInclude>
    <ClInclude Include="12_OptimizeShaderAndLayout.h">
      <Filter>example</Filter>
    </ClInclude>
    <ClInclude Include="13_InputAttachments.h">
      <Filter>example</Filter>
    </ClInclude>
    <ClInclude Include="14_DeferredShading.h">
      <Filter>example</Filter>
    </ClInclude>
    <ClInclude Include="15_OptimizeDeferredShading.h">
      <Filter>example</Filter>
    </ClInclude>
    <ClInclude Include="16_Material.h">
      <Filter>example</Filter>
    </ClInclude>
    <ClInclude Include="17_Stencil.h">
      <Filter>example</Filter>
    </ClInclude>
    <ClInclude Include="18_RenderTarget.h">
      <Filter>example</Filter>
    </ClInclude>
    <ClInclude Include="19_OptimizeRenderTarget.h">
      <Filter>example</Filter>
    </ClInclude>
    <ClInclude Include="20_EdgeDetect.h">
      <Filter>example</Filter>
    </ClInclude>
    <ClInclude Include="21_Bloom.h">
      <Filter>example</Filter>
    </ClInclude>
    <ClInclude Include="22_SkeletonMatrix4x4.h">
      <Filter>example</Filter>
    </ClInclude>
    <ClInclude Include="23_SkeletonPackIndexWeight.h">
      <Filter>example</Filter>
    </ClInclude>
    <ClInclude Include="24_SkeletonQuat.h">
      <Filter>example</Filter>
    </ClInclude>
  </ItemGroup>
  <ItemGroup>
    <None Include="cube.vert.inc">
      <Filter>temp</Filter>
    </None>
    <None Include="cube.frag.inc">
      <Filter>temp</Filter>
    </None>
  </ItemGroup>
</Project>